github.com/Masterminds/semver/v3 v3.1.1 h1:hLg3sBzpNErnxhQtUy/mmLR2I9foDujNK030IGemrRc=
github.com/Masterminds/semver/v3 v3.1.1/go.mod h1:VPu/7SZ7ePZ3QOrcuXROw5FAcLl4a0cBrbBpGY/8hQs=
github.com/aws/aws-cdk-go/awscdk v1.148.0-devpreview h1:erpEQ+6CQL4X5QZbnpz1rOdnHd2leNmy0S8amRl253U=
github.com/aws/aws-cdk-go/awscdk v1.148.0-devpreview/go.mod h1:7RKOEfBvURXJSxVTg2pZsBwnGlLjbZB4wNTZYhgQVU0=
github.com/aws/aws-cdk-go/awscdk/v2 v2.16.0 h1:FgomJl3GjFEJysYX2m9kryFTR6fI/xyq9P/4Ta6LTAE=
github.com/aws/aws-cdk-go/awscdk/v2 v2.16.0/go.mod h1:EBLkGLkGx7DGQHTqth6V+0STQVzJbkrC7WlIQvy54Vs=
github.com/aws/constructs-go/constructs/v10 v10.0.9/go.mod h1:RC6w8bOwxLmPX7Jfo9dkEZ9iVfgH4QnaVnfWvaNOHy0=
github.com/aws/constructs-go/constructs/v10 v10.0.88 h1:PgRvwT2OAopdfldThTe78LgM2iaPctIUDXXliaLW1ok=
github.com/aws/constructs-go/constructs/v10 v10.0.88/go.mod h1:NZVdw6Nb6MHgy7hNaNACUjJkmuLpeYyV/r7Z9wFuA8M=
github.com/aws/constructs-go/constructs/v3 v3.3.225/go.mod h1:tLZgYT2LxttX7vn2MkqDI/oXP3Kno4obsg6hN4ShfuA=
github.com/aws/constructs-go/constructs/v3 v3.3.243 h1:ty+/9HLkycOBN/2ernF4Zm+CBjzrnxo+RqiOaHi/x0I=
github.com/aws/constructs-go/constructs/v3 v3.3.243/go.mod h1:3PGv4/K3twvKiKEF2vTv0SXnJjvUGa+C/CF0URta2I4=
github.com/aws/jsii-runtime-go v1.37.0/go.mod h1:6tZnlstx8bAB3vnLFF9n8bbkI//LDblAek9zFyMXV3E=
github.com/aws/jsii-runtime-go v1.54.0/go.mod h1:9htokR2a9XpRcbNf3fwqPaTs0CpC3KJCOUDMMJvEgZQ=
github.com/aws/jsii-runtime-go v1.55.0 h1:NSx0BjfYq5EbyJGpCa5b9oPRyaOsNwnIj7L6N7RO1J4=
github.com/aws/jsii-runtime-go v1.55.0/go.mod h1:9htokR2a9XpRcbNf3fwqPaTs0CpC3KJCOUDMMJvEgZQ=
github.com/davecgh/go-spew v1.1.0/go.mod h1:J7Y8YcW2NihsgmVo/mv3lAwl/skON4iLHjSsI+c5H38=
github.com/davecgh/go-spew v1.1.1/go.mod h1:J7Y8YcW2NihsgmVo/mv3lAwl/skON4iLHjSsI+c5H38=
github.com/pmezard/go-difflib v1.0.0/go.mod h1:iKH77koFhYxTK1pcRnkKkqfTogsbg7gZNVY4sRDYZ/4=
github.com/stretchr/objx v0.1.0/go.mod h1:HFkY916IF+rwdDfMAkV7OtwuqBVzrE8GR6GFx+wExME=
github.com/stretchr/testify v1.7.0/go.mod h1:6Fq8oRcR53rry900zMqJjRRixrwX3KX962/h/Wwjteg=
gopkg.in/check.v1 v0.0.0-20161208181325-20d25e280405/go.mod h1:Co6ibVJAznAaIkqp8huTwlJQCZ016jof/cbN4VW5Yz0=
gopkg.in/yaml.v3 v3.0.0-20200313102051-9f266ea9e77c/go.mod h1:K4uyk7z7BCEPqu6E+C64Yfv1cQ7kz7rIZviUmN+EgEM=
gopkg.in/yaml.v3 v3.0.0-20210107192922-496545a6307b/go.mod h1:K4uyk7z7BCEPqu6E+C64Yfv1cQ7kz7rIZviUmN+EgEM=
